
Microsoft Visual Studio Solution File, Format Version 12.00
# Visual Studio Version 16
VisualStudioVersion = 16.0.29806.167
MinimumVisualStudioVersion = 10.0.40219.1
Project("{9A19103F-16F7-4668-BE54-9A1E7A4F7556}") = "MvvmSample3", "MvvmSample3\MvvmSample3\MvvmSample3.csproj", "{A2DC219B-A2E1-4859-A90A-FC10ECFF3E55}"
EndProject
Project("{FAE04EC0-301F-11D3-BF4B-00C04F79EFBC}") = "MvvmSample3.Android", "MvvmSample3\MvvmSample3.Android\MvvmSample3.Android.csproj", "{488258AA-3A80-4CD9-B03D-2EA678390CF5}"
EndProject
Project("{FAE04EC0-301F-11D3-BF4B-00C04F79EFBC}") = "MvvmSample3.UWP", "MvvmSample3\MvvmSample3.UWP\MvvmSample3.UWP.csproj", "{BDE1EB93-ECCE-4A6D-802C-76043836A0AD}"
EndProject
Global
	GlobalSection(SolutionConfigurationPlatforms) = preSolution
		Debug|Any CPU = Debug|Any CPU
		Debug|ARM = Debug|ARM
		Debug|x64 = Debug|x64
		Debug|x86 = Debug|x86
		Release|Any CPU = Release|Any CPU
		Release|ARM = Release|ARM
		Release|x64 = Release|x64
		Release|x86 = Release|x86
	EndGlobalSection
	GlobalSection(ProjectConfigurationPlatforms) = postSolution
		{A2DC219B-A2E1-4859-A90A-FC10ECFF3E55}.Debug|Any CPU.ActiveCfg = Debug|Any CPU
		{A2DC219B-A2E1-4859-A90A-FC10ECFF3E55}.Debug|Any CPU.Build.0 = Debug|Any CPU
		{A2DC219B-A2E1-4859-A90A-FC10ECFF3E55}.Debug|ARM.ActiveCfg = Debug|Any CPU
		{A2DC219B-A2E1-4859-A90A-FC10ECFF3E55}.Debug|ARM.Build.0 = Debug|Any CPU
		{A2DC219B-A2E1-4859-A90A-FC10ECFF3E55}.Debug|x64.ActiveCfg = Debug|Any CPU
		{A2DC219B-A2E1-4859-A90A-FC10ECFF3E55}.Debug|x64.Build.0 = Debug|Any CPU
		{A2DC219B-A2E1-4859-A90A-FC10ECFF3E55}.Debug|x86.ActiveCfg = Debug|Any CPU
		{A2DC219B-A2E1-4859-A90A-FC10ECFF3E55}.Debug|x86.Build.0 = Debug|Any CPU
		{A2DC219B-A2E1-4859-A90A-FC10ECFF3E55}.Release|Any CPU.ActiveCfg = Release|Any CPU
		{A2DC219B-A2E1-4859-A90A-FC10ECFF3E55}.Release|Any CPU.Build.0 = Release|Any CPU
		{A2DC219B-A2E1-4859-A90A-FC10ECFF3E55}.Release|ARM.ActiveCfg = Release|Any CPU
		{A2DC219B-A2E1-4859-A90A-FC10ECFF3E55}.Release|ARM.Build.0 = Release|Any CPU
		{A2DC219B-A2E1-4859-A90A-FC10ECFF3E55}.Release|x64.ActiveCfg = Release|Any CPU
		{A2DC219B-A2E1-4859-A90A-FC10ECFF3E55}.Release|x64.Build.0 = Release|Any CPU
		{A2DC219B-A2E1-4859-A90A-FC10ECFF3E55}.Release|x86.ActiveCfg = Release|Any CPU
		{A2DC219B-A2E1-4859-A90A-FC10ECFF3E55}.Release|x86.Build.0 = Release|Any CPU
		{488258AA-3A80-4CD9-B03D-2EA678390CF5}.Debug|Any CPU.ActiveCfg = Debug|Any CPU
		{488258AA-3A80-4CD9-B03D-2EA678390CF5}.Debug|Any CPU.Build.0 = Debug|Any CPU
		{488258AA-3A80-4CD9-B03D-2EA678390CF5}.Debug|Any CPU.Deploy.0 = Debug|Any CPU
		{488258AA-3A80-4CD9-B03D-2EA678390CF5}.Debug|ARM.ActiveCfg = Debug|Any CPU
		{488258AA-3A80-4CD9-B03D-2EA678390CF5}.Debug|ARM.Build.0 = Debug|Any CPU
		{488258AA-3A80-4CD9-B03D-2EA678390CF5}.Debug|ARM.Deploy.0 = Debug|Any CPU
		{488258AA-3A80-4CD9-B03D-2EA678390CF5}.Debug|x64.ActiveCfg = Debug|Any CPU
		{488258AA-3A80-4CD9-B03D-2EA678390CF5}.Debug|x64.Build.0 = Debug|Any CPU
		{488258AA-3A80-4CD9-B03D-2EA678390CF5}.Debug|x64.Deploy.0 = Debug|Any CPU
		{488258AA-3A80-4CD9-B03D-2EA678390CF5}.Debug|x86.ActiveCfg = Debug|Any CPU
		{488258AA-3A80-4CD9-B03D-2EA678390CF5}.Debug|x86.Build.0 = Debug|Any CPU
		{488258AA-3A80-4CD9-B03D-2EA678390CF5}.Debug|x86.Deploy.0 = Debug|Any CPU
		{488258AA-3A80-4CD9-B03D-2EA678390CF5}.Release|Any CPU.ActiveCfg = Release|Any CPU
		{488258AA-3A80-4CD9-B03D-2EA678390CF5}.Release|Any CPU.Build.0 = Release|Any CPU
		{488258AA-3A80-4CD9-B03D-2EA678390CF5}.Release|Any CPU.Deploy.0 = Release|Any CPU
		{488258AA-3A80-4CD9-B03D-2EA678390CF5}.Release|ARM.ActiveCfg = Release|Any CPU
		{488258AA-3A80-4CD9-B03D-2EA678390CF5}.Release|ARM.Build.0 = Release|Any CPU
		{488258AA-3A80-4CD9-B03D-2EA678390CF5}.Release|ARM.Deploy.0 = Release|Any CPU
		{488258AA-3A80-4CD9-B03D-2EA678390CF5}.Release|x64.ActiveCfg = Release|Any CPU
		{488258AA-3A80-4CD9-B03D-2EA678390CF5}.Release|x64.Build.0 = Release|Any CPU
		{488258AA-3A80-4CD9-B03D-2EA678390CF5}.Release|x64.Deploy.0 = Release|Any CPU
		{488258AA-3A80-4CD9-B03D-2EA678390CF5}.Release|x86.ActiveCfg = Release|Any CPU
		{488258AA-3A80-4CD9-B03D-2EA678390CF5}.Release|x86.Build.0 = Release|Any CPU
		{488258AA-3A80-4CD9-B03D-2EA678390CF5}.Release|x86.Deploy.0 = Release|Any CPU
		{BDE1EB93-ECCE-4A6D-802C-76043836A0AD}.Debug|Any CPU.ActiveCfg = Debug|x86
		{BDE1EB93-ECCE-4A6D-802C-76043836A0AD}.Debug|Any CPU.Build.0 = Debug|x86
		{BDE1EB93-ECCE-4A6D-802C-76043836A0AD}.Debug|Any CPU.Deploy.0 = Debug|x86
		{BDE1EB93-ECCE-4A6D-802C-76043836A0AD}.Debug|ARM.ActiveCfg = Debug|ARM
		{BDE1EB93-ECCE-4A6D-802C-76043836A0AD}.Debug|ARM.Build.0 = Debug|ARM
		{BDE1EB93-ECCE-4A6D-802C-76043836A0AD}.Debug|ARM.Deploy.0 = Debug|ARM
		{BDE1EB93-ECCE-4A6D-802C-76043836A0AD}.Debug|x64.ActiveCfg = Debug|x64
		{BDE1EB93-ECCE-4A6D-802C-76043836A0AD}.Debug|x64.Build.0 = Debug|x64
		{BDE1EB93-ECCE-4A6D-802C-76043836A0AD}.Debug|x64.Deploy.0 = Debug|x64
		{BDE1EB93-ECCE-4A6D-802C-76043836A0AD}.Debug|x86.ActiveCfg = Debug|x86
		{BDE1EB93-ECCE-4A6D-802C-76043836A0AD}.Debug|x86.Build.0 = Debug|x86
		{BDE1EB93-ECCE-4A6D-802C-76043836A0AD}.Debug|x86.Deploy.0 = Debug|x86
		{BDE1EB93-ECCE-4A6D-802C-76043836A0AD}.Release|Any CPU.ActiveCfg = Release|x86
		{BDE1EB93-ECCE-4A6D-802C-76043836A0AD}.Release|ARM.ActiveCfg = Release|ARM
		{BDE1EB93-ECCE-4A6D-802C-76043836A0AD}.Release|ARM.Build.0 = Release|ARM
		{BDE1EB93-ECCE-4A6D-802C-76043836A0AD}.Release|ARM.Deploy.0 = Release|ARM
		{BDE1EB93-ECCE-4A6D-802C-76043836A0AD}.Release|x64.ActiveCfg = Release|x64
		{BDE1EB93-ECCE-4A6D-802C-76043836A0AD}.Release|x64.Build.0 = Release|x64
		{BDE1EB93-ECCE-4A6D-802C-76043836A0AD}.Release|x64.Deploy.0 = Release|x64
		{BDE1EB93-ECCE-4A6D-802C-76043836A0AD}.Release|x86.ActiveCfg = Release|x86
		{BDE1EB93-ECCE-4A6D-802C-76043836A0AD}.Release|x86.Build.0 = Release|x86
		{BDE1EB93-ECCE-4A6D-802C-76043836A0AD}.Release|x86.Deploy.0 = Release|x86
	EndGlobalSection
	GlobalSection(SolutionProperties) = preSolution
		HideSolutionNode = FALSE
	EndGlobalSection
	GlobalSection(ExtensibilityGlobals) = postSolution
		SolutionGuid = {9EABAC53-3768-44B5-9E74-3452A6FE1C68}
	EndGlobalSection
EndGlobal
